
Microsoft Visual Studio Solution File, Format Version 12.00
# Visual Studio Version 16
VisualStudioVersion = 16.0.31829.152
MinimumVisualStudioVersion = 10.0.40219.1
Project("{FAE04EC0-301F-11D3-BF4B-00C04F79EFBC}") = "DogGo", "DogGo\DogGo.csproj", "{CCF982B5-CE21-4237-8262-73D25D8DABB4}"
EndProject
Global
	GlobalSection(SolutionConfigurationPlatforms) = preSolution
		Debug|Any CPU = Debug|Any CPU
		Release|Any CPU = Release|Any CPU
	EndGlobalSection
	GlobalSection(ProjectConfigurationPlatforms) = postSolution
		{CCF982B5-CE21-4237-8262-73D25D8DABB4}.Debug|Any CPU.ActiveCfg = Debug|Any CPU
		{CCF982B5-CE21-4237-8262-73D25D8DABB4}.Debug|Any CPU.Build.0 = Debug|Any CPU
		{CCF982B5-CE21-4237-8262-73D25D8DABB4}.Release|Any CPU.ActiveCfg = Release|Any CPU
		{CCF982B5-CE21-4237-8262-73D25D8DABB4}.Release|Any CPU.Build.0 = Release|Any CPU
	EndGlobalSection
	GlobalSection(SolutionProperties) = preSolution
		HideSolutionNode = FALSE
	EndGlobalSection
	GlobalSection(ExtensibilityGlobals) = postSolution
		SolutionGuid = {F096C646-CBAB-492A-B98B-3FFBDE1443C9}
	EndGlobalSection
EndGlobal
